
Microsoft Visual Studio Solution File, Format Version 12.00
# Visual Studio Version 16
VisualStudioVersion = 16.0.31005.135
MinimumVisualStudioVersion = 10.0.40219.1
Project("{FAE04EC0-301F-11D3-BF4B-00C04F79EFBC}") = "FlightBooking", "FlightBooking.csproj", "{A306A5A9-CBB0-4D02-9F62-EF6E2AE06DDD}"
EndProject
Project("{FAE04EC0-301F-11D3-BF4B-00C04F79EFBC}") = "DAL", "..\DAL\DAL.csproj", "{934BA254-6279-4D49-815C-ECBDE5301C8B}"
EndProject
Project("{FAE04EC0-301F-11D3-BF4B-00C04F79EFBC}") = "Repository", "..\Repository\Repository.csproj", "{7B507565-6180-485A-A0AF-8A0ECB1674F1}"
EndProject
Global
	GlobalSection(SolutionConfigurationPlatforms) = preSolution
		Debug|Any CPU = Debug|Any CPU
		Release|Any CPU = Release|Any CPU
	EndGlobalSection
	GlobalSection(ProjectConfigurationPlatforms) = postSolution
		{A306A5A9-CBB0-4D02-9F62-EF6E2AE06DDD}.Debug|Any CPU.ActiveCfg = Debug|Any CPU
		{A306A5A9-CBB0-4D02-9F62-EF6E2AE06DDD}.Debug|Any CPU.Build.0 = Debug|Any CPU
		{A306A5A9-CBB0-4D02-9F62-EF6E2AE06DDD}.Release|Any CPU.ActiveCfg = Release|Any CPU
		{A306A5A9-CBB0-4D02-9F62-EF6E2AE06DDD}.Release|Any CPU.Build.0 = Release|Any CPU
		{934BA254-6279-4D49-815C-ECBDE5301C8B}.Debug|Any CPU.ActiveCfg = Debug|Any CPU
		{934BA254-6279-4D49-815C-ECBDE5301C8B}.Debug|Any CPU.Build.0 = Debug|Any CPU
		{934BA254-6279-4D49-815C-ECBDE5301C8B}.Release|Any CPU.ActiveCfg = Release|Any CPU
		{934BA254-6279-4D49-815C-ECBDE5301C8B}.Release|Any CPU.Build.0 = Release|Any CPU
		{7B507565-6180-485A-A0AF-8A0ECB1674F1}.Debug|Any CPU.ActiveCfg = Debug|Any CPU
		{7B507565-6180-485A-A0AF-8A0ECB1674F1}.Debug|Any CPU.Build.0 = Debug|Any CPU
		{7B507565-6180-485A-A0AF-8A0ECB1674F1}.Release|Any CPU.ActiveCfg = Release|Any CPU
		{7B507565-6180-485A-A0AF-8A0ECB1674F1}.Release|Any CPU.Build.0 = Release|Any CPU
	EndGlobalSection
	GlobalSection(SolutionProperties) = preSolution
		HideSolutionNode = FALSE
	EndGlobalSection
	GlobalSection(ExtensibilityGlobals) = postSolution
		SolutionGuid = {1664EA51-E050-48FF-B6BC-D91F704C9F4B}
	EndGlobalSection
EndGlobal
